
Microsoft Visual Studio Solution File, Format Version 12.00
# Visual Studio Version 17
VisualStudioVersion = 17.11.35222.181
MinimumVisualStudioVersion = 10.0.40219.1
Project("{FAE04EC0-301F-11D3-BF4B-00C04F79EFBC}") = "MinimalAPIDemo", "MinimalAPIDemo.csproj", "{38E896A9-36CD-4BB5-BD35-56DD0096D495}"
EndProject
Project("{00D1A9C2-B5F0-4AF3-8072-F6C62B433612}") = "UserDB", "UserDB\UserDB.sqlproj", "{BF747B9A-50CF-4364-A195-0BEA137172AF}"
EndProject
Project("{FAE04EC0-301F-11D3-BF4B-00C04F79EFBC}") = "DataAccess", "DataAccess\DataAccess.csproj", "{81A6B688-3654-48B8-ACFE-52695D8C7DAF}"
EndProject
Project("{2150E333-8FDC-42A3-9474-1A3956D46DE8}") = "Solution Items", "Solution Items", "{0F463261-D171-4111-AD1E-7A93F4370DDA}"
	ProjectSection(SolutionItems) = preProject
		.editorconfig = .editorconfig
	EndProjectSection
EndProject
Global
	GlobalSection(SolutionConfigurationPlatforms) = preSolution
		Debug|Any CPU = Debug|Any CPU
		Release|Any CPU = Release|Any CPU
	EndGlobalSection
	GlobalSection(ProjectConfigurationPlatforms) = postSolution
		{38E896A9-36CD-4BB5-BD35-56DD0096D495}.Debug|Any CPU.ActiveCfg = Debug|Any CPU
		{38E896A9-36CD-4BB5-BD35-56DD0096D495}.Debug|Any CPU.Build.0 = Debug|Any CPU
		{38E896A9-36CD-4BB5-BD35-56DD0096D495}.Release|Any CPU.ActiveCfg = Release|Any CPU
		{38E896A9-36CD-4BB5-BD35-56DD0096D495}.Release|Any CPU.Build.0 = Release|Any CPU
		{BF747B9A-50CF-4364-A195-0BEA137172AF}.Debug|Any CPU.ActiveCfg = Debug|Any CPU
		{BF747B9A-50CF-4364-A195-0BEA137172AF}.Debug|Any CPU.Build.0 = Debug|Any CPU
		{BF747B9A-50CF-4364-A195-0BEA137172AF}.Debug|Any CPU.Deploy.0 = Debug|Any CPU
		{BF747B9A-50CF-4364-A195-0BEA137172AF}.Release|Any CPU.ActiveCfg = Release|Any CPU
		{BF747B9A-50CF-4364-A195-0BEA137172AF}.Release|Any CPU.Build.0 = Release|Any CPU
		{BF747B9A-50CF-4364-A195-0BEA137172AF}.Release|Any CPU.Deploy.0 = Release|Any CPU
		{81A6B688-3654-48B8-ACFE-52695D8C7DAF}.Debug|Any CPU.ActiveCfg = Debug|Any CPU
		{81A6B688-3654-48B8-ACFE-52695D8C7DAF}.Debug|Any CPU.Build.0 = Debug|Any CPU
		{81A6B688-3654-48B8-ACFE-52695D8C7DAF}.Release|Any CPU.ActiveCfg = Release|Any CPU
		{81A6B688-3654-48B8-ACFE-52695D8C7DAF}.Release|Any CPU.Build.0 = Release|Any CPU
	EndGlobalSection
	GlobalSection(SolutionProperties) = preSolution
		HideSolutionNode = FALSE
	EndGlobalSection
	GlobalSection(ExtensibilityGlobals) = postSolution
		SolutionGuid = {3BBFC439-71C0-4D3E-AED5-304A043AA5C5}
	EndGlobalSection
EndGlobal
